// !$*UTF8*$!
{
	archiveVersion = 1;
	classes = {
	};
	objectVersion = 77;
	objects = {

/* Begin PBXBuildFile section */
		F15E8AAD2CDA20A400CEEF78 /* CalculateViewController.swift in Sources */ = {isa = PBXBuildFile; fileRef = F15E8A972CDA20A400CEEF78 /* CalculateViewController.swift */; };
		F15E8AAE2CDA20A400CEEF78 /* HistoryViewController.swift in Sources */ = {isa = PBXBuildFile; fileRef = F15E8A982CDA20A400CEEF78 /* HistoryViewController.swift */; };
		F15E8AAF2CDA20A400CEEF78 /* ResultViewController.swift in Sources */ = {isa = PBXBuildFile; fileRef = F15E8A992CDA20A400CEEF78 /* ResultViewController.swift */; };
		F15E8AB02CDA20A400CEEF78 /* BMI.swift in Sources */ = {isa = PBXBuildFile; fileRef = F15E8A9B2CDA20A400CEEF78 /* BMI.swift */; };
		F15E8AB12CDA20A400CEEF78 /* CalculatorModel.swift in Sources */ = {isa = PBXBuildFile; fileRef = F15E8A9C2CDA20A400CEEF78 /* CalculatorModel.swift */; };
		F15E8AB22CDA20A400CEEF78 /* HistoryTableViewCell.swift in Sources */ = {isa = PBXBuildFile; fileRef = F15E8A9E2CDA20A400CEEF78 /* HistoryTableViewCell.swift */; };
		F15E8AB32CDA20A400CEEF78 /* AppDelegate.swift in Sources */ = {isa = PBXBuildFile; fileRef = F15E8AA62CDA20A400CEEF78 /* AppDelegate.swift */; };
		F15E8AB42CDA20A400CEEF78 /* BMI_Calculator.xcdatamodeld in Sources */ = {isa = PBXBuildFile; fileRef = F15E8AA82CDA20A400CEEF78 /* BMI_Calculator.xcdatamodeld */; };
		F15E8AB52CDA20A400CEEF78 /* SceneDelegate.swift in Sources */ = {isa = PBXBuildFile; fileRef = F15E8AAA2CDA20A400CEEF78 /* SceneDelegate.swift */; };
		F15E8AB62CDA20A400CEEF78 /* HistoryTableViewCell.xib in Resources */ = {isa = PBXBuildFile; fileRef = F15E8A9F2CDA20A400CEEF78 /* HistoryTableViewCell.xib */; };
		F15E8AB72CDA20A400CEEF78 /* LaunchScreen.storyboard in Resources */ = {isa = PBXBuildFile; fileRef = F15E8AA12CDA20A400CEEF78 /* LaunchScreen.storyboard */; };
		F15E8AB82CDA20A400CEEF78 /* Main.storyboard in Resources */ = {isa = PBXBuildFile; fileRef = F15E8AA42CDA20A400CEEF78 /* Main.storyboard */; };
		F15E8AB92CDA20A400CEEF78 /* Assets.xcassets in Resources */ = {isa = PBXBuildFile; fileRef = F15E8AA72CDA20A400CEEF78 /* Assets.xcassets */; };
/* End PBXBuildFile section */

/* Begin PBXFileReference section */
		F15E8A972CDA20A400CEEF78 /* CalculateViewController.swift */ = {isa = PBXFileReference; lastKnownFileType = sourcecode.swift; path = CalculateViewController.swift; sourceTree = "<group>"; };
		F15E8A982CDA20A400CEEF78 /* HistoryViewController.swift */ = {isa = PBXFileReference; lastKnownFileType = sourcecode.swift; path = HistoryViewController.swift; sourceTree = "<group>"; };
		F15E8A992CDA20A400CEEF78 /* ResultViewController.swift */ = {isa = PBXFileReference; lastKnownFileType = sourcecode.swift; path = ResultViewController.swift; sourceTree = "<group>"; };
		F15E8A9B2CDA20A400CEEF78 /* BMI.swift */ = {isa = PBXFileReference; lastKnownFileType = sourcecode.swift; path = BMI.swift; sourceTree = "<group>"; };
		F15E8A9C2CDA20A400CEEF78 /* CalculatorModel.swift */ = {isa = PBXFileReference; lastKnownFileType = sourcecode.swift; path = CalculatorModel.swift; sourceTree = "<group>"; };
		F15E8A9E2CDA20A400CEEF78 /* HistoryTableViewCell.swift */ = {isa = PBXFileReference; lastKnownFileType = sourcecode.swift; path = HistoryTableViewCell.swift; sourceTree = "<group>"; };
		F15E8A9F2CDA20A400CEEF78 /* HistoryTableViewCell.xib */ = {isa = PBXFileReference; lastKnownFileType = file.xib; path = HistoryTableViewCell.xib; sourceTree = "<group>"; };
		F15E8AA02CDA20A400CEEF78 /* Base */ = {isa = PBXFileReference; lastKnownFileType = file.storyboard; name = Base; path = Base.lproj/LaunchScreen.storyboard; sourceTree = "<group>"; };
		F15E8AA32CDA20A400CEEF78 /* Base */ = {isa = PBXFileReference; lastKnownFileType = file.storyboard; name = Base; path = Base.lproj/Main.storyboard; sourceTree = "<group>"; };
		F15E8AA62CDA20A400CEEF78 /* AppDelegate.swift */ = {isa = PBXFileReference; lastKnownFileType = sourcecode.swift; path = AppDelegate.swift; sourceTree = "<group>"; };
		F15E8AA72CDA20A400CEEF78 /* Assets.xcassets */ = {isa = PBXFileReference; lastKnownFileType = folder.assetcatalog; path = Assets.xcassets; sourceTree = "<group>"; };
		F15E8AA92CDA20A400CEEF78 /* Info.plist */ = {isa = PBXFileReference; lastKnownFileType = text.plist.xml; path = Info.plist; sourceTree = "<group>"; };
		F15E8AAA2CDA20A400CEEF78 /* SceneDelegate.swift */ = {isa = PBXFileReference; lastKnownFileType = sourcecode.swift; path = SceneDelegate.swift; sourceTree = "<group>"; };
		F15E8AAC2CDA20A400CEEF78 /* BMI_Calculator.xcdatamodel */ = {isa = PBXFileReference; lastKnownFileType = wrapper.xcdatamodel; path = BMI_Calculator.xcdatamodel; sourceTree = "<group>"; };
		F16C57CB2CD9B75D004E6AD4 /* BMI Calculator.app */ = {isa = PBXFileReference; explicitFileType = wrapper.application; includeInIndex = 0; path = "BMI Calculator.app"; sourceTree = BUILT_PRODUCTS_DIR; };
/* End PBXFileReference section */

/* Begin PBXFrameworksBuildPhase section */
		F16C57C82CD9B75D004E6AD4 /* Frameworks */ = {
			isa = PBXFrameworksBuildPhase;
			buildActionMask = 2147483647;
			files = (
			);
			runOnlyForDeploymentPostprocessing = 0;
		};
/* End PBXFrameworksBuildPhase section */

/* Begin PBXGroup section */
		F15E8A9A2CDA20A400CEEF78 /* Controllers */ = {
			isa = PBXGroup;
			children = (
				F15E8A972CDA20A400CEEF78 /* CalculateViewController.swift */,
				F15E8A982CDA20A400CEEF78 /* HistoryViewController.swift */,
				F15E8A992CDA20A400CEEF78 /* ResultViewController.swift */,
			);
			path = Controllers;
			sourceTree = "<group>";
		};
		F15E8A9D2CDA20A400CEEF78 /* Model */ = {
			isa = PBXGroup;
			children = (
				F15E8A9B2CDA20A400CEEF78 /* BMI.swift */,
				F15E8A9C2CDA20A400CEEF78 /* CalculatorModel.swift */,
			);
			path = Model;
			sourceTree = "<group>";
		};
		F15E8AA22CDA20A400CEEF78 /* Supporting File */ = {
			isa = PBXGroup;
			children = (
				F15E8A9E2CDA20A400CEEF78 /* HistoryTableViewCell.swift */,
				F15E8A9F2CDA20A400CEEF78 /* HistoryTableViewCell.xib */,
				F15E8AA12CDA20A400CEEF78 /* LaunchScreen.storyboard */,
			);
			path = "Supporting File";
			sourceTree = "<group>";
		};
		F15E8AA52CDA20A400CEEF78 /* View */ = {
			isa = PBXGroup;
			children = (
				F15E8AA42CDA20A400CEEF78 /* Main.storyboard */,
			);
			path = View;
			sourceTree = "<group>";
		};
		F15E8AAB2CDA20A400CEEF78 /* BMI Calculator */ = {
			isa = PBXGroup;
			children = (
				F15E8A9A2CDA20A400CEEF78 /* Controllers */,
				F15E8A9D2CDA20A400CEEF78 /* Model */,
				F15E8AA22CDA20A400CEEF78 /* Supporting File */,
				F15E8AA52CDA20A400CEEF78 /* View */,
				F15E8AA62CDA20A400CEEF78 /* AppDelegate.swift */,
				F15E8AA72CDA20A400CEEF78 /* Assets.xcassets */,
				F15E8AA82CDA20A400CEEF78 /* BMI_Calculator.xcdatamodeld */,
				F15E8AA92CDA20A400CEEF78 /* Info.plist */,
				F15E8AAA2CDA20A400CEEF78 /* SceneDelegate.swift */,
			);
			path = "BMI Calculator";
			sourceTree = "<group>";
		};
		F16C57C22CD9B75D004E6AD4 = {
			isa = PBXGroup;
			children = (
				F15E8AAB2CDA20A400CEEF78 /* BMI Calculator */,
				F16C57CC2CD9B75D004E6AD4 /* Products */,
			);
			sourceTree = "<group>";
		};
		F16C57CC2CD9B75D004E6AD4 /* Products */ = {
			isa = PBXGroup;
			children = (
				F16C57CB2CD9B75D004E6AD4 /* BMI Calculator.app */,
			);
			name = Products;
			sourceTree = "<group>";
		};
/* End PBXGroup section */

/* Begin PBXNativeTarget section */
		F16C57CA2CD9B75D004E6AD4 /* BMI Calculator */ = {
			isa = PBXNativeTarget;
			buildConfigurationList = F16C57E12CD9B75E004E6AD4 /* Build configuration list for PBXNativeTarget "BMI Calculator" */;
			buildPhases = (
				F16C57C72CD9B75D004E6AD4 /* Sources */,
				F16C57C82CD9B75D004E6AD4 /* Frameworks */,
				F16C57C92CD9B75D004E6AD4 /* Resources */,
			);
			buildRules = (
			);
			dependencies = (
			);
			name = "BMI Calculator";
			packageProductDependencies = (
			);
			productName = "BMI Calculator";
			productReference = F16C57CB2CD9B75D004E6AD4 /* BMI Calculator.app */;
			productType = "com.apple.product-type.application";
		};
/* End PBXNativeTarget section */

/* Begin PBXProject section */
		F16C57C32CD9B75D004E6AD4 /* Project object */ = {
			isa = PBXProject;
			attributes = {
				BuildIndependentTargetsInParallel = 1;
				LastSwiftUpdateCheck = 1600;
				LastUpgradeCheck = 1600;
				TargetAttributes = {
					F16C57CA2CD9B75D004E6AD4 = {
						CreatedOnToolsVersion = 16.0;
					};
				};
			};
			buildConfigurationList = F16C57C62CD9B75D004E6AD4 /* Build configuration list for PBXProject "BMI Calculator" */;
			developmentRegion = en;
			hasScannedForEncodings = 0;
			knownRegions = (
				en,
				Base,
			);
			mainGroup = F16C57C22CD9B75D004E6AD4;
			minimizedProjectReferenceProxies = 1;
			preferredProjectObjectVersion = 77;
			productRefGroup = F16C57CC2CD9B75D004E6AD4 /* Products */;
			projectDirPath = "";
			projectRoot = "";
			targets = (
				F16C57CA2CD9B75D004E6AD4 /* BMI Calculator */,
			);
		};
/* End PBXProject section */

/* Begin PBXResourcesBuildPhase section */
		F16C57C92CD9B75D004E6AD4 /* Resources */ = {
			isa = PBXResourcesBuildPhase;
			buildActionMask = 2147483647;
			files = (
				F15E8AB62CDA20A400CEEF78 /* HistoryTableViewCell.xib in Resources */,
				F15E8AB72CDA20A400CEEF78 /* LaunchScreen.storyboard in Resources */,
				F15E8AB82CDA20A400CEEF78 /* Main.storyboard in Resources */,
				F15E8AB92CDA20A400CEEF78 /* Assets.xcassets in Resources */,
			);
			runOnlyForDeploymentPostprocessing = 0;
		};
/* End PBXResourcesBuildPhase section */

/* Begin PBXSourcesBuildPhase section */
		F16C57C72CD9B75D004E6AD4 /* Sources */ = {
			isa = PBXSourcesBuildPhase;
			buildActionMask = 2147483647;
			files = (
				F15E8AAD2CDA20A400CEEF78 /* CalculateViewController.swift in Sources */,
				F15E8AAE2CDA20A400CEEF78 /* HistoryViewController.swift in Sources */,
				F15E8AAF2CDA20A400CEEF78 /* ResultViewController.swift in Sources */,
				F15E8AB02CDA20A400CEEF78 /* BMI.swift in Sources */,
				F15E8AB12CDA20A400CEEF78 /* CalculatorModel.swift in Sources */,
				F15E8AB22CDA20A400CEEF78 /* HistoryTableViewCell.swift in Sources */,
				F15E8AB32CDA20A400CEEF78 /* AppDelegate.swift in Sources */,
				F15E8AB42CDA20A400CEEF78 /* BMI_Calculator.xcdatamodeld in Sources */,
				F15E8AB52CDA20A400CEEF78 /* SceneDelegate.swift in Sources */,
			);
			runOnlyForDeploymentPostprocessing = 0;
		};
/* End PBXSourcesBuildPhase section */

/* Begin PBXVariantGroup section */
		F15E8AA12CDA20A400CEEF78 /* LaunchScreen.storyboard */ = {
			isa = PBXVariantGroup;
			children = (
				F15E8AA02CDA20A400CEEF78 /* Base */,
			);
			name = LaunchScreen.storyboard;
			sourceTree = "<group>";
		};
		F15E8AA42CDA20A400CEEF78 /* Main.storyboard */ = {
			isa = PBXVariantGroup;
			children = (
				F15E8AA32CDA20A400CEEF78 /* Base */,
			);
			name = Main.storyboard;
			sourceTree = "<group>";
		};
/* End PBXVariantGroup section */

/* Begin XCBuildConfiguration section */
		F16C57E22CD9B75E004E6AD4 /* Debug */ = {
			isa = XCBuildConfiguration;
			buildSettings = {
				ASSETCATALOG_COMPILER_APPICON_NAME = AppIcon;
				ASSETCATALOG_COMPILER_GLOBAL_ACCENT_COLOR_NAME = AccentColor;
				CODE_SIGN_STYLE = Automatic;
				CURRENT_PROJECT_VERSION = 1;
				DEVELOPMENT_TEAM = J392RR49WK;
				GENERATE_INFOPLIST_FILE = YES;
				INFOPLIST_FILE = "BMI Calculator/Info.plist";
				INFOPLIST_KEY_UIApplicationSupportsIndirectInputEvents = YES;
				INFOPLIST_KEY_UILaunchStoryboardName = LaunchScreen;
				INFOPLIST_KEY_UIMainStoryboardFile = Main;
				INFOPLIST_KEY_UISupportedInterfaceOrientations = UIInterfaceOrientationPortrait;
				IPHONEOS_DEPLOYMENT_TARGET = 13.0;
				LD_RUNPATH_SEARCH_PATHS = (
					"$(inherited)",
					"@executable_path/Frameworks",
				);
				MARKETING_VERSION = 1.0;
				PRODUCT_BUNDLE_IDENTIFIER = "com.septian.BMI-Calculator";
				PRODUCT_NAME = "$(TARGET_NAME)";
				SWIFT_EMIT_LOC_STRINGS = YES;
				SWIFT_VERSION = 5.0;
				TARGETED_DEVICE_FAMILY = "1,2";
			};
			name = Debug;
		};
		F16C57E32CD9B75E004E6AD4 /* Release */ = {
			isa = XCBuildConfiguration;
			buildSettings = {
				ASSETCATALOG_COMPILER_APPICON_NAME = AppIcon;
				ASSETCATALOG_COMPILER_GLOBAL_ACCENT_COLOR_NAME = AccentColor;
				CODE_SIGN_STYLE = Automatic;
				CURRENT_PROJECT_VERSION = 1;
				DEVELOPMENT_TEAM = J392RR49WK;
				GENERATE_INFOPLIST_FILE = YES;
				INFOPLIST_FILE = "BMI Calculator/Info.plist";
				INFOPLIST_KEY_UIApplicationSupportsIndirectInputEvents = YES;
				INFOPLIST_KEY_UILaunchStoryboardName = LaunchScreen;
				INFOPLIST_KEY_UIMainStoryboardFile = Main;
				INFOPLIST_KEY_UISupportedInterfaceOrientations = UIInterfaceOrientationPortrait;
				IPHONEOS_DEPLOYMENT_TARGET = 13.0;
				LD_RUNPATH_SEARCH_PATHS = (
					"$(inherited)",
					"@executable_path/Frameworks",
				);
				MARKETING_VERSION = 1.0;
				PRODUCT_BUNDLE_IDENTIFIER = "com.septian.BMI-Calculator";
				PRODUCT_NAME = "$(TARGET_NAME)";
				SWIFT_EMIT_LOC_STRINGS = YES;
				SWIFT_VERSION = 5.0;
				TARGETED_DEVICE_FAMILY = "1,2";
			};
			name = Release;
		};
		F16C57E42CD9B75E004E6AD4 /* Debug */ = {
			isa = XCBuildConfiguration;
			buildSettings = {
				ALWAYS_SEARCH_USER_PATHS = NO;
				ASSETCATALOG_COMPILER_GENERATE_SWIFT_ASSET_SYMBOL_EXTENSIONS = YES;
				CLANG_ANALYZER_NONNULL = YES;
				CLANG_ANALYZER_NUMBER_OBJECT_CONVERSION = YES_AGGRESSIVE;
				CLANG_CXX_LANGUAGE_STANDARD = "gnu++20";
				CLANG_ENABLE_MODULES = YES;
				CLANG_ENABLE_OBJC_ARC = YES;
				CLANG_ENABLE_OBJC_WEAK = YES;
				CLANG_WARN_BLOCK_CAPTURE_AUTORELEASING = YES;
				CLANG_WARN_BOOL_CONVERSION = YES;
				CLANG_WARN_COMMA = YES;
				CLANG_WARN_CONSTANT_CONVERSION = YES;
				CLANG_WARN_DEPRECATED_OBJC_IMPLEMENTATIONS = YES;
				CLANG_WARN_DIRECT_OBJC_ISA_USAGE = YES_ERROR;
				CLANG_WARN_DOCUMENTATION_COMMENTS = YES;
				CLANG_WARN_EMPTY_BODY = YES;
				CLANG_WARN_ENUM_CONVERSION = YES;
				CLANG_WARN_INFINITE_RECURSION = YES;
				CLANG_WARN_INT_CONVERSION = YES;
				CLANG_WARN_NON_LITERAL_NULL_CONVERSION = YES;
				CLANG_WARN_OBJC_IMPLICIT_RETAIN_SELF = YES;
				CLANG_WARN_OBJC_LITERAL_CONVERSION = YES;
				CLANG_WARN_OBJC_ROOT_CLASS = YES_ERROR;
				CLANG_WARN_QUOTED_INCLUDE_IN_FRAMEWORK_HEADER = YES;
				CLANG_WARN_RANGE_LOOP_ANALYSIS = YES;
				CLANG_WARN_STRICT_PROTOTYPES = YES;
				CLANG_WARN_SUSPICIOUS_MOVE = YES;
				CLANG_WARN_UNGUARDED_AVAILABILITY = YES_AGGRESSIVE;
				CLANG_WARN_UNREACHABLE_CODE = YES;
				CLANG_WARN__DUPLICATE_METHOD_MATCH = YES;
				COPY_PHASE_STRIP = NO;
				DEBUG_INFORMATION_FORMAT = dwarf;
				ENABLE_STRICT_OBJC_MSGSEND = YES;
				ENABLE_TESTABILITY = YES;
				ENABLE_USER_SCRIPT_SANDBOXING = YES;
				GCC_C_LANGUAGE_STANDARD = gnu17;
				GCC_DYNAMIC_NO_PIC = NO;
				GCC_NO_COMMON_BLOCKS = YES;
				GCC_OPTIMIZATION_LEVEL = 0;
				GCC_PREPROCESSOR_DEFINITIONS = (
					"DEBUG=1",
					"$(inherited)",
				);
				GCC_WARN_64_TO_32_BIT_CONVERSION = YES;
				GCC_WARN_ABOUT_RETURN_TYPE = YES_ERROR;
				GCC_WARN_UNDECLARED_SELECTOR = YES;
				GCC_WARN_UNINITIALIZED_AUTOS = YES_AGGRESSIVE;
				GCC_WARN_UNUSED_FUNCTION = YES;
				GCC_WARN_UNUSED_VARIABLE = YES;
				IPHONEOS_DEPLOYMENT_TARGET = 18.0;
				LOCALIZATION_PREFERS_STRING_CATALOGS = YES;
				MTL_ENABLE_DEBUG_INFO = INCLUDE_SOURCE;
				MTL_FAST_MATH = YES;
				ONLY_ACTIVE_ARCH = YES;
				SDKROOT = iphoneos;
				SWIFT_ACTIVE_COMPILATION_CONDITIONS = "DEBUG $(inherited)";
				SWIFT_OPTIMIZATION_LEVEL = "-Onone";
			};
			name = Debug;
		};
		F16C57E52CD9B75E004E6AD4 /* Release */ = {
			isa = XCBuildConfiguration;
			buildSettings = {
				ALWAYS_SEARCH_USER_PATHS = NO;
				ASSETCATALOG_COMPILER_GENERATE_SWIFT_ASSET_SYMBOL_EXTENSIONS = YES;
				CLANG_ANALYZER_NONNULL = YES;
				CLANG_ANALYZER_NUMBER_OBJECT_CONVERSION = YES_AGGRESSIVE;
				CLANG_CXX_LANGUAGE_STANDARD = "gnu++20";
				CLANG_ENABLE_MODULES = YES;
				CLANG_ENABLE_OBJC_ARC = YES;
				CLANG_ENABLE_OBJC_WEAK = YES;
				CLANG_WARN_BLOCK_CAPTURE_AUTORELEASING = YES;
				CLANG_WARN_BOOL_CONVERSION = YES;
				CLANG_WARN_COMMA = YES;
				CLANG_WARN_CONSTANT_CONVERSION = YES;
				CLANG_WARN_DEPRECATED_OBJC_IMPLEMENTATIONS = YES;
				CLANG_WARN_DIRECT_OBJC_ISA_USAGE = YES_ERROR;
				CLANG_WARN_DOCUMENTATION_COMMENTS = YES;
				CLANG_WARN_EMPTY_BODY = YES;
				CLANG_WARN_ENUM_CONVERSION = YES;
				CLANG_WARN_INFINITE_RECURSION = YES;
				CLANG_WARN_INT_CONVERSION = YES;
				CLANG_WARN_NON_LITERAL_NULL_CONVERSION = YES;
				CLANG_WARN_OBJC_IMPLICIT_RETAIN_SELF = YES;
				CLANG_WARN_OBJC_LITERAL_CONVERSION = YES;
				CLANG_WARN_OBJC_ROOT_CLASS = YES_ERROR;
				CLANG_WARN_QUOTED_INCLUDE_IN_FRAMEWORK_HEADER = YES;
				CLANG_WARN_RANGE_LOOP_ANALYSIS = YES;
				CLANG_WARN_STRICT_PROTOTYPES = YES;
				CLANG_WARN_SUSPICIOUS_MOVE = YES;
				CLANG_WARN_UNGUARDED_AVAILABILITY = YES_AGGRESSIVE;
				CLANG_WARN_UNREACHABLE_CODE = YES;
				CLANG_WARN__DUPLICATE_METHOD_MATCH = YES;
				COPY_PHASE_STRIP = NO;
				DEBUG_INFORMATION_FORMAT = "dwarf-with-dsym";
				ENABLE_NS_ASSERTIONS = NO;
				ENABLE_STRICT_OBJC_MSGSEND = YES;
				ENABLE_USER_SCRIPT_SANDBOXING = YES;
				GCC_C_LANGUAGE_STANDARD = gnu17;
				GCC_NO_COMMON_BLOCKS = YES;
				GCC_WARN_64_TO_32_BIT_CONVERSION = YES;
				GCC_WARN_ABOUT_RETURN_TYPE = YES_ERROR;
				GCC_WARN_UNDECLARED_SELECTOR = YES;
				GCC_WARN_UNINITIALIZED_AUTOS = YES_AGGRESSIVE;
				GCC_WARN_UNUSED_FUNCTION = YES;
				GCC_WARN_UNUSED_VARIABLE = YES;
				IPHONEOS_DEPLOYMENT_TARGET = 18.0;
				LOCALIZATION_PREFERS_STRING_CATALOGS = YES;
				MTL_ENABLE_DEBUG_INFO = NO;
				MTL_FAST_MATH = YES;
				SDKROOT = iphoneos;
				SWIFT_COMPILATION_MODE = wholemodule;
				VALIDATE_PRODUCT = YES;
			};
			name = Release;
		};
/* End XCBuildConfiguration section */

/* Begin XCConfigurationList section */
		F16C57C62CD9B75D004E6AD4 /* Build configuration list for PBXProject "BMI Calculator" */ = {
			isa = XCConfigurationList;
			buildConfigurations = (
				F16C57E42CD9B75E004E6AD4 /* Debug */,
				F16C57E52CD9B75E004E6AD4 /* Release */,
			);
			defaultConfigurationIsVisible = 0;
			defaultConfigurationName = Release;
		};
		F16C57E12CD9B75E004E6AD4 /* Build configuration list for PBXNativeTarget "BMI Calculator" */ = {
			isa = XCConfigurationList;
			buildConfigurations = (
				F16C57E22CD9B75E004E6AD4 /* Debug */,
				F16C57E32CD9B75E004E6AD4 /* Release */,
			);
			defaultConfigurationIsVisible = 0;
			defaultConfigurationName = Release;
		};
/* End XCConfigurationList section */

/* Begin XCVersionGroup section */
		F15E8AA82CDA20A400CEEF78 /* BMI_Calculator.xcdatamodeld */ = {
			isa = XCVersionGroup;
			children = (
				F15E8AAC2CDA20A400CEEF78 /* BMI_Calculator.xcdatamodel */,
			);
			currentVersion = F15E8AAC2CDA20A400CEEF78 /* BMI_Calculator.xcdatamodel */;
			path = BMI_Calculator.xcdatamodeld;
			sourceTree = "<group>";
			versionGroupType = wrapper.xcdatamodel;
		};
/* End XCVersionGroup section */
	};
	rootObject = F16C57C32CD9B75D004E6AD4 /* Project object */;
}
